# This file is generated by running "yarn install" inside your project.
# Manual changes might be lost - proceed with caution!

__metadata:
  version: 6
  cacheKey: 8

"@esbuild/linux-loong64@npm:0.15.7":
  version: 0.15.7
  resolution: "@esbuild/linux-loong64@npm:0.15.7"
  conditions: os=linux & cpu=loong64
  languageName: node
  linkType: hard

"@types/prop-types@npm:*":
  version: 15.7.5
  resolution: "@types/prop-types@npm:15.7.5"
  checksum: 5b43b8b15415e1f298243165f1d44390403bb2bd42e662bca3b5b5633fdd39c938e91b7fce3a9483699db0f7a715d08cef220c121f723a634972fdf596aec980
  languageName: node
  linkType: hard

"@types/react@npm:^18.0.18":
  version: 18.0.18
  resolution: "@types/react@npm:18.0.18"
  dependencies:
    "@types/prop-types": "*"
    "@types/scheduler": "*"
    csstype: ^3.0.2
  checksum: 6d72d35ab3eecf382a5e0f225923f5a2c753045fce02e4e29713f36c99a24f0f770666a49dde96167f37c86271f93339d1b7e2b8969d011b137a9ebd24ee6806
  languageName: node
  linkType: hard

"@types/scheduler@npm:*":
  version: 0.16.2
  resolution: "@types/scheduler@npm:0.16.2"
  checksum: b6b4dcfeae6deba2e06a70941860fb1435730576d3689225a421280b7742318d1548b3d22c1f66ab68e414f346a9542f29240bc955b6332c5b11e561077583bc
  languageName: node
  linkType: hard

"@types/use-sync-external-store@npm:^0.0.3":
  version: 0.0.3
  resolution: "@types/use-sync-external-store@npm:0.0.3"
  checksum: 161ddb8eec5dbe7279ac971531217e9af6b99f7783213566d2b502e2e2378ea19cf5e5ea4595039d730aa79d3d35c6567d48599f69773a02ffcff1776ec2a44e
  languageName: node
  linkType: hard

"csstype@npm:^3.0.2":
  version: 3.1.0
  resolution: "csstype@npm:3.1.0"
  checksum: 644e986cefab86525f0b674a06889cfdbb1f117e5b7d1ce0fc55b0423ecc58807a1ea42ecc75c4f18999d14fc42d1d255f84662a45003a52bb5840e977eb2ffd
  languageName: node
  linkType: hard

"esbuild-android-64@npm:0.15.7":
  version: 0.15.7
  resolution: "esbuild-android-64@npm:0.15.7"
  conditions: os=android & cpu=x64
  languageName: node
  linkType: hard

"esbuild-android-arm64@npm:0.15.7":
  version: 0.15.7
  resolution: "esbuild-android-arm64@npm:0.15.7"
  conditions: os=android & cpu=arm64
  languageName: node
  linkType: hard

"esbuild-darwin-64@npm:0.15.7":
  version: 0.15.7
  resolution: "esbuild-darwin-64@npm:0.15.7"
  conditions: os=darwin & cpu=x64
  languageName: node
  linkType: hard

"esbuild-darwin-arm64@npm:0.15.7":
  version: 0.15.7
  resolution: "esbuild-darwin-arm64@npm:0.15.7"
  conditions: os=darwin & cpu=arm64
  languageName: node
  linkType: hard

"esbuild-freebsd-64@npm:0.15.7":
  version: 0.15.7
  resolution: "esbuild-freebsd-64@npm:0.15.7"
  conditions: os=freebsd & cpu=x64
  languageName: node
  linkType: hard

"esbuild-freebsd-arm64@npm:0.15.7":
  version: 0.15.7
  resolution: "esbuild-freebsd-arm64@npm:0.15.7"
  conditions: os=freebsd & cpu=arm64
  languageName: node
  linkType: hard

"esbuild-linux-32@npm:0.15.7":
  version: 0.15.7
  resolution: "esbuild-linux-32@npm:0.15.7"
  conditions: os=linux & cpu=ia32
  languageName: node
  linkType: hard

"esbuild-linux-64@npm:0.15.7":
  version: 0.15.7
  resolution: "esbuild-linux-64@npm:0.15.7"
  conditions: os=linux & cpu=x64
  languageName: node
  linkType: hard

"esbuild-linux-arm64@npm:0.15.7":
  version: 0.15.7
  resolution: "esbuild-linux-arm64@npm:0.15.7"
  conditions: os=linux & cpu=arm64
  languageName: node
  linkType: hard

"esbuild-linux-arm@npm:0.15.7":
  version: 0.15.7
  resolution: "esbuild-linux-arm@npm:0.15.7"
  conditions: os=linux & cpu=arm
  languageName: node
  linkType: hard

"esbuild-linux-mips64le@npm:0.15.7":
  version: 0.15.7
  resolution: "esbuild-linux-mips64le@npm:0.15.7"
  conditions: os=linux & cpu=mips64el
  languageName: node
  linkType: hard

"esbuild-linux-ppc64le@npm:0.15.7":
  version: 0.15.7
  resolution: "esbuild-linux-ppc64le@npm:0.15.7"
  conditions: os=linux & cpu=ppc64
  languageName: node
  linkType: hard

"esbuild-linux-riscv64@npm:0.15.7":
  version: 0.15.7
  resolution: "esbuild-linux-riscv64@npm:0.15.7"
  conditions: os=linux & cpu=riscv64
  languageName: node
  linkType: hard

"esbuild-linux-s390x@npm:0.15.7":
  version: 0.15.7
  resolution: "esbuild-linux-s390x@npm:0.15.7"
  conditions: os=linux & cpu=s390x
  languageName: node
  linkType: hard

"esbuild-netbsd-64@npm:0.15.7":
  version: 0.15.7
  resolution: "esbuild-netbsd-64@npm:0.15.7"
  conditions: os=netbsd & cpu=x64
  languageName: node
  linkType: hard

"esbuild-openbsd-64@npm:0.15.7":
  version: 0.15.7
  resolution: "esbuild-openbsd-64@npm:0.15.7"
  conditions: os=openbsd & cpu=x64
  languageName: node
  linkType: hard

"esbuild-sunos-64@npm:0.15.7":
  version: 0.15.7
  resolution: "esbuild-sunos-64@npm:0.15.7"
  conditions: os=sunos & cpu=x64
  languageName: node
  linkType: hard

"esbuild-windows-32@npm:0.15.7":
  version: 0.15.7
  resolution: "esbuild-windows-32@npm:0.15.7"
  conditions: os=win32 & cpu=ia32
  languageName: node
  linkType: hard

"esbuild-windows-64@npm:0.15.7":
  version: 0.15.7
  resolution: "esbuild-windows-64@npm:0.15.7"
  conditions: os=win32 & cpu=x64
  languageName: node
  linkType: hard

"esbuild-windows-arm64@npm:0.15.7":
  version: 0.15.7
  resolution: "esbuild-windows-arm64@npm:0.15.7"
  conditions: os=win32 & cpu=arm64
  languageName: node
  linkType: hard

"esbuild@npm:^0.15.7":
  version: 0.15.7
  resolution: "esbuild@npm:0.15.7"
  dependencies:
    "@esbuild/linux-loong64": 0.15.7
    esbuild-android-64: 0.15.7
    esbuild-android-arm64: 0.15.7
    esbuild-darwin-64: 0.15.7
    esbuild-darwin-arm64: 0.15.7
    esbuild-freebsd-64: 0.15.7
    esbuild-freebsd-arm64: 0.15.7
    esbuild-linux-32: 0.15.7
    esbuild-linux-64: 0.15.7
    esbuild-linux-arm: 0.15.7
    esbuild-linux-arm64: 0.15.7
    esbuild-linux-mips64le: 0.15.7
    esbuild-linux-ppc64le: 0.15.7
    esbuild-linux-riscv64: 0.15.7
    esbuild-linux-s390x: 0.15.7
    esbuild-netbsd-64: 0.15.7
    esbuild-openbsd-64: 0.15.7
    esbuild-sunos-64: 0.15.7
    esbuild-windows-32: 0.15.7
    esbuild-windows-64: 0.15.7
    esbuild-windows-arm64: 0.15.7
  dependenciesMeta:
    "@esbuild/linux-loong64":
      optional: true
    esbuild-android-64:
      optional: true
    esbuild-android-arm64:
      optional: true
    esbuild-darwin-64:
      optional: true
    esbuild-darwin-arm64:
      optional: true
    esbuild-freebsd-64:
      optional: true
    esbuild-freebsd-arm64:
      optional: true
    esbuild-linux-32:
      optional: true
    esbuild-linux-64:
      optional: true
    esbuild-linux-arm:
      optional: true
    esbuild-linux-arm64:
      optional: true
    esbuild-linux-mips64le:
      optional: true
    esbuild-linux-ppc64le:
      optional: true
    esbuild-linux-riscv64:
      optional: true
    esbuild-linux-s390x:
      optional: true
    esbuild-netbsd-64:
      optional: true
    esbuild-openbsd-64:
      optional: true
    esbuild-sunos-64:
      optional: true
    esbuild-windows-32:
      optional: true
    esbuild-windows-64:
      optional: true
    esbuild-windows-arm64:
      optional: true
  bin:
    esbuild: bin/esbuild
  checksum: 54ddaa6cf96798d817861b4f68cb8d176075dc09b6e0ed511c57e5db6fd86d2c673ac2ec631ad9b11678d58ad4a77cd6b7a3853b9c6eac29b7f5c6d38e42f92e
  languageName: node
  linkType: hard

"js-tokens@npm:^3.0.0 || ^4.0.0":
  version: 4.0.0
  resolution: "js-tokens@npm:4.0.0"
  checksum: 8a95213a5a77deb6cbe94d86340e8d9ace2b93bc367790b260101d2f36a2eaf4e4e22d9fa9cf459b38af3a32fb4190e638024cf82ec95ef708680e405ea7cc78
  languageName: node
  linkType: hard

"loose-envify@npm:^1.1.0":
  version: 1.4.0
  resolution: "loose-envify@npm:1.4.0"
  dependencies:
    js-tokens: ^3.0.0 || ^4.0.0
  bin:
    loose-envify: cli.js
  checksum: 6517e24e0cad87ec9888f500c5b5947032cdfe6ef65e1c1936a0c48a524b81e65542c9c3edc91c97d5bddc806ee2a985dbc79be89215d613b1de5db6d1cfe6f4
  languageName: node
  linkType: hard

"react@npm:^18.2.0":
  version: 18.2.0
  resolution: "react@npm:18.2.0"
  dependencies:
    loose-envify: ^1.1.0
  checksum: 88e38092da8839b830cda6feef2e8505dec8ace60579e46aa5490fc3dc9bba0bd50336507dc166f43e3afc1c42939c09fe33b25fae889d6f402721dcd78fca1b
  languageName: node
  linkType: hard

"reastorage@workspace:.":
  version: 0.0.0-use.local
  resolution: "reastorage@workspace:."
  dependencies:
    "@types/react": ^18.0.18
    "@types/use-sync-external-store": ^0.0.3
    esbuild: ^0.15.7
    react: ^18.2.0
    typescript: ^4.8.3
    use-sync-external-store: ^1.2.0
  peerDependencies:
    react: ">=16.8.0"
  languageName: unknown
  linkType: soft

"typescript@npm:^4.8.3":
  version: 4.8.3
  resolution: "typescript@npm:4.8.3"
  bin:
    tsc: bin/tsc
    tsserver: bin/tsserver
  checksum: 8286a5edcaf3d68e65c451aa1e7150ad1cf53ee0813c07ec35b7abdfdb10f355ecaa13c6a226a694ae7a67785fd7eeebf89f845da0b4f7e4a35561ddc459aba0
  languageName: node
  linkType: hard

"typescript@patch:typescript@^4.8.3#~builtin<compat/typescript>":
  version: 4.8.3
  resolution: "typescript@patch:typescript@npm%3A4.8.3#~builtin<compat/typescript>::version=4.8.3&hash=a1c5e5"
  bin:
    tsc: bin/tsc
    tsserver: bin/tsserver
  checksum: 2222d2382fb3146089b1d27ce2b55e9d1f99cc64118f1aba75809b693b856c5d3c324f052f60c75b577947fc538bc1c27bad0eb76cbdba9a63a253489504ba7e
  languageName: node
  linkType: hard

"use-sync-external-store@npm:^1.2.0":
  version: 1.2.0
  resolution: "use-sync-external-store@npm:1.2.0"
  peerDependencies:
    react: ^16.8.0 || ^17.0.0 || ^18.0.0
  checksum: 5c639e0f8da3521d605f59ce5be9e094ca772bd44a4ce7322b055a6f58eeed8dda3c94cabd90c7a41fb6fa852210092008afe48f7038792fd47501f33299116a
  languageName: node
  linkType: hard
